
Microsoft Visual Studio Solution File, Format Version 12.00
# Visual Studio Version 17
VisualStudioVersion = 17.7.34031.279
MinimumVisualStudioVersion = 10.0.40219.1
Project("{8BC9CEB8-8B4A-11D0-8D11-00A0C91BC942}") = "P01", "P01\P01.vcxproj", "{CC75AABD-4BEF-46F9-8D67-492A2E85A025}"
EndProject
Project("{8BC9CEB8-8B4A-11D0-8D11-00A0C91BC942}") = "P02", "P02\P02.vcxproj", "{CDE2090F-D4C3-4607-AB17-62F1460605B2}"
EndProject
Project("{8BC9CEB8-8B4A-11D0-8D11-00A0C91BC942}") = "P03", "P03\P03.vcxproj", "{6D86ACBD-81CE-4057-92BE-F21720A7F4E6}"
EndProject
Project("{8BC9CEB8-8B4A-11D0-8D11-00A0C91BC942}") = "P04", "P04\P04.vcxproj", "{E3B4EBF4-E7DB-4035-9020-6C5EA739FC27}"
EndProject
Project("{8BC9CEB8-8B4A-11D0-8D11-00A0C91BC942}") = "P05", "P05\P05.vcxproj", "{44D624D2-5C1E-493B-91D3-DD33A4FCD723}"
EndProject
Global
	GlobalSection(SolutionConfigurationPlatforms) = preSolution
		Debug|x64 = Debug|x64
		Debug|x86 = Debug|x86
		Release|x64 = Release|x64
		Release|x86 = Release|x86
	EndGlobalSection
	GlobalSection(ProjectConfigurationPlatforms) = postSolution
		{CC75AABD-4BEF-46F9-8D67-492A2E85A025}.Debug|x64.ActiveCfg = Debug|x64
		{CC75AABD-4BEF-46F9-8D67-492A2E85A025}.Debug|x64.Build.0 = Debug|x64
		{CC75AABD-4BEF-46F9-8D67-492A2E85A025}.Debug|x86.ActiveCfg = Debug|Win32
		{CC75AABD-4BEF-46F9-8D67-492A2E85A025}.Debug|x86.Build.0 = Debug|Win32
		{CC75AABD-4BEF-46F9-8D67-492A2E85A025}.Release|x64.ActiveCfg = Release|x64
		{CC75AABD-4BEF-46F9-8D67-492A2E85A025}.Release|x64.Build.0 = Release|x64
		{CC75AABD-4BEF-46F9-8D67-492A2E85A025}.Release|x86.ActiveCfg = Release|Win32
		{CC75AABD-4BEF-46F9-8D67-492A2E85A025}.Release|x86.Build.0 = Release|Win32
		{CDE2090F-D4C3-4607-AB17-62F1460605B2}.Debug|x64.ActiveCfg = Debug|x64
		{CDE2090F-D4C3-4607-AB17-62F1460605B2}.Debug|x64.Build.0 = Debug|x64
		{CDE2090F-D4C3-4607-AB17-62F1460605B2}.Debug|x86.ActiveCfg = Debug|Win32
		{CDE2090F-D4C3-4607-AB17-62F1460605B2}.Debug|x86.Build.0 = Debug|Win32
		{CDE2090F-D4C3-4607-AB17-62F1460605B2}.Release|x64.ActiveCfg = Release|x64
		{CDE2090F-D4C3-4607-AB17-62F1460605B2}.Release|x64.Build.0 = Release|x64
		{CDE2090F-D4C3-4607-AB17-62F1460605B2}.Release|x86.ActiveCfg = Release|Win32
		{CDE2090F-D4C3-4607-AB17-62F1460605B2}.Release|x86.Build.0 = Release|Win32
		{6D86ACBD-81CE-4057-92BE-F21720A7F4E6}.Debug|x64.ActiveCfg = Debug|x64
		{6D86ACBD-81CE-4057-92BE-F21720A7F4E6}.Debug|x64.Build.0 = Debug|x64
		{6D86ACBD-81CE-4057-92BE-F21720A7F4E6}.Debug|x86.ActiveCfg = Debug|Win32
		{6D86ACBD-81CE-4057-92BE-F21720A7F4E6}.Debug|x86.Build.0 = Debug|Win32
		{6D86ACBD-81CE-4057-92BE-F21720A7F4E6}.Release|x64.ActiveCfg = Release|x64
		{6D86ACBD-81CE-4057-92BE-F21720A7F4E6}.Release|x64.Build.0 = Release|x64
		{6D86ACBD-81CE-4057-92BE-F21720A7F4E6}.Release|x86.ActiveCfg = Release|Win32
		{6D86ACBD-81CE-4057-92BE-F21720A7F4E6}.Release|x86.Build.0 = Release|Win32
		{E3B4EBF4-E7DB-4035-9020-6C5EA739FC27}.Debug|x64.ActiveCfg = Debug|x64
		{E3B4EBF4-E7DB-4035-9020-6C5EA739FC27}.Debug|x64.Build.0 = Debug|x64
		{E3B4EBF4-E7DB-4035-9020-6C5EA739FC27}.Debug|x86.ActiveCfg = Debug|Win32
		{E3B4EBF4-E7DB-4035-9020-6C5EA739FC27}.Debug|x86.Build.0 = Debug|Win32
		{E3B4EBF4-E7DB-4035-9020-6C5EA739FC27}.Release|x64.ActiveCfg = Release|x64
		{E3B4EBF4-E7DB-4035-9020-6C5EA739FC27}.Release|x64.Build.0 = Release|x64
		{E3B4EBF4-E7DB-4035-9020-6C5EA739FC27}.Release|x86.ActiveCfg = Release|Win32
		{E3B4EBF4-E7DB-4035-9020-6C5EA739FC27}.Release|x86.Build.0 = Release|Win32
		{44D624D2-5C1E-493B-91D3-DD33A4FCD723}.Debug|x64.ActiveCfg = Debug|x64
		{44D624D2-5C1E-493B-91D3-DD33A4FCD723}.Debug|x64.Build.0 = Debug|x64
		{44D624D2-5C1E-493B-91D3-DD33A4FCD723}.Debug|x86.ActiveCfg = Debug|Win32
		{44D624D2-5C1E-493B-91D3-DD33A4FCD723}.Debug|x86.Build.0 = Debug|Win32
		{44D624D2-5C1E-493B-91D3-DD33A4FCD723}.Release|x64.ActiveCfg = Release|x64
		{44D624D2-5C1E-493B-91D3-DD33A4FCD723}.Release|x64.Build.0 = Release|x64
		{44D624D2-5C1E-493B-91D3-DD33A4FCD723}.Release|x86.ActiveCfg = Release|Win32
		{44D624D2-5C1E-493B-91D3-DD33A4FCD723}.Release|x86.Build.0 = Release|Win32
	EndGlobalSection
	GlobalSection(SolutionProperties) = preSolution
		HideSolutionNode = FALSE
	EndGlobalSection
	GlobalSection(ExtensibilityGlobals) = postSolution
		SolutionGuid = {87D42F1A-D7C0-42E3-8243-D02FC4AFC583}
	EndGlobalSection
EndGlobal
